Microsoft Visual Studio Solution File, Format Version 12.00
# Visual Studio 2012
Project("{FAE04EC0-301F-11D3-BF4B-00C04F79EFBC}") = "Party.Game", ".\source\Party.Game.csproj", "{C749E6F2-9B73-4B50-84B1-ECDE7FDC66C6}"
EndProject
Project("{2150E333-8FDC-42A3-9474-1A3956D46DE8}") = "tools", "tools", "{5E6BF0D9-2857-4694-BC10-45260E8B07E6}"
EndProject
Project("{FAE04EC0-301F-11D3-BF4B-00C04F79EFBC}") = "Party.Tools.Models", "tools\Party.Tools.Models\Party.Tools.Models.csproj", "{F2C3681E-7900-48FE-AB80-927393B552BC}"
EndProject
Global
	GlobalSection(SolutionConfigurationPlatforms) = preSolution
		Debug|Any CPU = Debug|Any CPU
		ExportDebug|Any CPU = ExportDebug|Any CPU
		ExportRelease|Any CPU = ExportRelease|Any CPU
	EndGlobalSection
	GlobalSection(ProjectConfigurationPlatforms) = postSolution
		{C749E6F2-9B73-4B50-84B1-ECDE7FDC66C6}.Debug|Any CPU.ActiveCfg = Debug|Any CPU
		{C749E6F2-9B73-4B50-84B1-ECDE7FDC66C6}.Debug|Any CPU.Build.0 = Debug|Any CPU
		{C749E6F2-9B73-4B50-84B1-ECDE7FDC66C6}.ExportDebug|Any CPU.ActiveCfg = ExportDebug|Any CPU
		{C749E6F2-9B73-4B50-84B1-ECDE7FDC66C6}.ExportDebug|Any CPU.Build.0 = ExportDebug|Any CPU
		{C749E6F2-9B73-4B50-84B1-ECDE7FDC66C6}.ExportRelease|Any CPU.ActiveCfg = ExportRelease|Any CPU
		{C749E6F2-9B73-4B50-84B1-ECDE7FDC66C6}.ExportRelease|Any CPU.Build.0 = ExportRelease|Any CPU
		{F2C3681E-7900-48FE-AB80-927393B552BC}.Debug|Any CPU.ActiveCfg = Debug|Any CPU
		{F2C3681E-7900-48FE-AB80-927393B552BC}.Debug|Any CPU.Build.0 = Debug|Any CPU
		{F2C3681E-7900-48FE-AB80-927393B552BC}.ExportDebug|Any CPU.ActiveCfg = Debug|Any CPU
		{F2C3681E-7900-48FE-AB80-927393B552BC}.ExportDebug|Any CPU.Build.0 = Debug|Any CPU
		{F2C3681E-7900-48FE-AB80-927393B552BC}.ExportRelease|Any CPU.ActiveCfg = Debug|Any CPU
		{F2C3681E-7900-48FE-AB80-927393B552BC}.ExportRelease|Any CPU.Build.0 = Debug|Any CPU
	EndGlobalSection
	GlobalSection(NestedProjects) = preSolution
		{F2C3681E-7900-48FE-AB80-927393B552BC} = {5E6BF0D9-2857-4694-BC10-45260E8B07E6}
	EndGlobalSection
EndGlobal
